
Microsoft Visual Studio Solution File, Format Version 12.00
# Visual Studio Version 17
VisualStudioVersion = 17.2.32519.379
MinimumVisualStudioVersion = 10.0.40219.1
Project("{FAE04EC0-301F-11D3-BF4B-00C04F79EFBC}") = "TrainConsole22", "TrainConsole22\TrainConsole22.csproj", "{DB01D53C-95BF-42F7-8196-16D445E4264B}"
EndProject
Project("{FAE04EC0-301F-11D3-BF4B-00C04F79EFBC}") = "train", "train\train.csproj", "{7379AC04-3C84-4409-93E3-20A6EAC8D91A}"
EndProject
Project("{FAE04EC0-301F-11D3-BF4B-00C04F79EFBC}") = "Train2", "Train2\Train2.csproj", "{84341641-C5CF-4990-A153-DDC33B9BCE6F}"
EndProject
Global
	GlobalSection(SolutionConfigurationPlatforms) = preSolution
		Debug|Any CPU = Debug|Any CPU
		Release|Any CPU = Release|Any CPU
	EndGlobalSection
	GlobalSection(ProjectConfigurationPlatforms) = postSolution
		{DB01D53C-95BF-42F7-8196-16D445E4264B}.Debug|Any CPU.ActiveCfg = Debug|Any CPU
		{DB01D53C-95BF-42F7-8196-16D445E4264B}.Debug|Any CPU.Build.0 = Debug|Any CPU
		{DB01D53C-95BF-42F7-8196-16D445E4264B}.Release|Any CPU.ActiveCfg = Release|Any CPU
		{DB01D53C-95BF-42F7-8196-16D445E4264B}.Release|Any CPU.Build.0 = Release|Any CPU
		{7379AC04-3C84-4409-93E3-20A6EAC8D91A}.Debug|Any CPU.ActiveCfg = Debug|Any CPU
		{7379AC04-3C84-4409-93E3-20A6EAC8D91A}.Debug|Any CPU.Build.0 = Debug|Any CPU
		{7379AC04-3C84-4409-93E3-20A6EAC8D91A}.Release|Any CPU.ActiveCfg = Release|Any CPU
		{7379AC04-3C84-4409-93E3-20A6EAC8D91A}.Release|Any CPU.Build.0 = Release|Any CPU
		{84341641-C5CF-4990-A153-DDC33B9BCE6F}.Debug|Any CPU.ActiveCfg = Debug|Any CPU
		{84341641-C5CF-4990-A153-DDC33B9BCE6F}.Debug|Any CPU.Build.0 = Debug|Any CPU
		{84341641-C5CF-4990-A153-DDC33B9BCE6F}.Release|Any CPU.ActiveCfg = Release|Any CPU
		{84341641-C5CF-4990-A153-DDC33B9BCE6F}.Release|Any CPU.Build.0 = Release|Any CPU
	EndGlobalSection
	GlobalSection(SolutionProperties) = preSolution
		HideSolutionNode = FALSE
	EndGlobalSection
	GlobalSection(ExtensibilityGlobals) = postSolution
		SolutionGuid = {689C5868-1CE8-469B-9D57-955A0C780711}
	EndGlobalSection
EndGlobal
